// !$*UTF8*$!
{
	archiveVersion = 1;
	classes = {
	};
	objectVersion = 50;
	objects = {

/* Begin PBXBuildFile section */
		AC34B3A52257AE9800C6D3AB /* AppDelegate.swift in Sources */ = {isa = PBXBuildFile; fileRef = AC34B3A42257AE9800C6D3AB /* AppDelegate.swift */; };
		AC34B3A72257AE9800C6D3AB /* ViewController.swift in Sources */ = {isa = PBXBuildFile; fileRef = AC34B3A62257AE9800C6D3AB /* ViewController.swift */; };
		AC34B3AA2257AE9800C6D3AB /* Main.storyboard in Resources */ = {isa = PBXBuildFile; fileRef = AC34B3A82257AE9800C6D3AB /* Main.storyboard */; };
		AC34B3AC2257AE9A00C6D3AB /* Assets.xcassets in Resources */ = {isa = PBXBuildFile; fileRef = AC34B3AB2257AE9A00C6D3AB /* Assets.xcassets */; };
		AC34B3AF2257AE9A00C6D3AB /* LaunchScreen.storyboard in Resources */ = {isa = PBXBuildFile; fileRef = AC34B3AD2257AE9A00C6D3AB /* LaunchScreen.storyboard */; };
		AC34B3BA2257BF5C00C6D3AB /* PhotoInfo.swift in Sources */ = {isa = PBXBuildFile; fileRef = AC34B3B92257BF5C00C6D3AB /* PhotoInfo.swift */; };
		AC34B3BE2257C2FB00C6D3AB /* Networking.swift in Sources */ = {isa = PBXBuildFile; fileRef = AC34B3BD2257C2FB00C6D3AB /* Networking.swift */; };
		AC34B3C02257D0DC00C6D3AB /* URL+extension.swift in Sources */ = {isa = PBXBuildFile; fileRef = AC34B3BF2257D0DC00C6D3AB /* URL+extension.swift */; };
		ACEFBE3D225A57B20013C7A9 /* WorkDate.swift in Sources */ = {isa = PBXBuildFile; fileRef = ACEFBE3C225A57B20013C7A9 /* WorkDate.swift */; };
/* End PBXBuildFile section */

/* Begin PBXFileReference section */
		AC34B3A12257AE9800C6D3AB /* NASA-Photos.app */ = {isa = PBXFileReference; explicitFileType = wrapper.application; includeInIndex = 0; path = "NASA-Photos.app"; sourceTree = BUILT_PRODUCTS_DIR; };
		AC34B3A42257AE9800C6D3AB /* AppDelegate.swift */ = {isa = PBXFileReference; lastKnownFileType = sourcecode.swift; path = AppDelegate.swift; sourceTree = "<group>"; };
		AC34B3A62257AE9800C6D3AB /* ViewController.swift */ = {isa = PBXFileReference; lastKnownFileType = sourcecode.swift; path = ViewController.swift; sourceTree = "<group>"; };
		AC34B3A92257AE9800C6D3AB /* Base */ = {isa = PBXFileReference; lastKnownFileType = file.storyboard; name = Base; path = Base.lproj/Main.storyboard; sourceTree = "<group>"; };
		AC34B3AB2257AE9A00C6D3AB /* Assets.xcassets */ = {isa = PBXFileReference; lastKnownFileType = folder.assetcatalog; path = Assets.xcassets; sourceTree = "<group>"; };
		AC34B3AE2257AE9A00C6D3AB /* Base */ = {isa = PBXFileReference; lastKnownFileType = file.storyboard; name = Base; path = Base.lproj/LaunchScreen.storyboard; sourceTree = "<group>"; };
		AC34B3B02257AE9A00C6D3AB /* Info.plist */ = {isa = PBXFileReference; lastKnownFileType = text.plist.xml; path = Info.plist; sourceTree = "<group>"; };
		AC34B3B92257BF5C00C6D3AB /* PhotoInfo.swift */ = {isa = PBXFileReference; lastKnownFileType = sourcecode.swift; path = PhotoInfo.swift; sourceTree = "<group>"; };
		AC34B3BD2257C2FB00C6D3AB /* Networking.swift */ = {isa = PBXFileReference; lastKnownFileType = sourcecode.swift; path = Networking.swift; sourceTree = "<group>"; };
		AC34B3BF2257D0DC00C6D3AB /* URL+extension.swift */ = {isa = PBXFileReference; lastKnownFileType = sourcecode.swift; path = "URL+extension.swift"; sourceTree = "<group>"; };
		ACEFBE3C225A57B20013C7A9 /* WorkDate.swift */ = {isa = PBXFileReference; lastKnownFileType = sourcecode.swift; path = WorkDate.swift; sourceTree = "<group>"; };
/* End PBXFileReference section */

/* Begin PBXFrameworksBuildPhase section */
		AC34B39E2257AE9800C6D3AB /* Frameworks */ = {
			isa = PBXFrameworksBuildPhase;
			buildActionMask = 2147483647;
			files = (
			);
			runOnlyForDeploymentPostprocessing = 0;
		};
/* End PBXFrameworksBuildPhase section */

/* Begin PBXGroup section */
		AC34B3982257AE9800C6D3AB = {
			isa = PBXGroup;
			children = (
				AC34B3A32257AE9800C6D3AB /* NASA-Photos */,
				AC34B3A22257AE9800C6D3AB /* Products */,
			);
			sourceTree = "<group>";
		};
		AC34B3A22257AE9800C6D3AB /* Products */ = {
			isa = PBXGroup;
			children = (
				AC34B3A12257AE9800C6D3AB /* NASA-Photos.app */,
			);
			name = Products;
			sourceTree = "<group>";
		};
		AC34B3A32257AE9800C6D3AB /* NASA-Photos */ = {
			isa = PBXGroup;
			children = (
				AC34B3B62257AEA600C6D3AB /* Controllers */,
				AC34B3B82257AEC300C6D3AB /* Extensions */,
				AC34B3B72257AEB800C6D3AB /* Models */,
				AC34B3A42257AE9800C6D3AB /* AppDelegate.swift */,
				AC34B3A82257AE9800C6D3AB /* Main.storyboard */,
				AC34B3AB2257AE9A00C6D3AB /* Assets.xcassets */,
				AC34B3AD2257AE9A00C6D3AB /* LaunchScreen.storyboard */,
				AC34B3B02257AE9A00C6D3AB /* Info.plist */,
			);
			path = "NASA-Photos";
			sourceTree = "<group>";
		};
		AC34B3B62257AEA600C6D3AB /* Controllers */ = {
			isa = PBXGroup;
			children = (
				AC34B3BD2257C2FB00C6D3AB /* Networking.swift */,
				AC34B3A62257AE9800C6D3AB /* ViewController.swift */,
			);
			path = Controllers;
			sourceTree = "<group>";
		};
		AC34B3B72257AEB800C6D3AB /* Models */ = {
			isa = PBXGroup;
			children = (
				AC34B3B92257BF5C00C6D3AB /* PhotoInfo.swift */,
				ACEFBE3C225A57B20013C7A9 /* WorkDate.swift */,
			);
			path = Models;
			sourceTree = "<group>";
		};
		AC34B3B82257AEC300C6D3AB /* Extensions */ = {
			isa = PBXGroup;
			children = (
				AC34B3BF2257D0DC00C6D3AB /* URL+extension.swift */,
			);
			path = Extensions;
			sourceTree = "<group>";
		};
/* End PBXGroup section */

/* Begin PBXNativeTarget section */
		AC34B3A02257AE9800C6D3AB /* NASA-Photos */ = {
			isa = PBXNativeTarget;
			buildConfigurationList = AC34B3B32257AE9A00C6D3AB /* Build configuration list for PBXNativeTarget "NASA-Photos" */;
			buildPhases = (
				AC34B39D2257AE9800C6D3AB /* Sources */,
				AC34B39E2257AE9800C6D3AB /* Frameworks */,
				AC34B39F2257AE9800C6D3AB /* Resources */,
			);
			buildRules = (
			);
			dependencies = (
			);
			name = "NASA-Photos";
			productName = "NASA-Photos";
			productReference = AC34B3A12257AE9800C6D3AB /* NASA-Photos.app */;
			productType = "com.apple.product-type.application";
		};
/* End PBXNativeTarget section */

/* Begin PBXProject section */
		AC34B3992257AE9800C6D3AB /* Project object */ = {
			isa = PBXProject;
			attributes = {
				LastSwiftUpdateCheck = 1010;
				LastUpgradeCheck = 1010;
				ORGANIZATIONNAME = GlAndrey;
				TargetAttributes = {
					AC34B3A02257AE9800C6D3AB = {
						CreatedOnToolsVersion = 10.1;
					};
				};
			};
			buildConfigurationList = AC34B39C2257AE9800C6D3AB /* Build configuration list for PBXProject "NASA-Photos" */;
			compatibilityVersion = "Xcode 9.3";
			developmentRegion = en;
			hasScannedForEncodings = 0;
			knownRegions = (
				en,
				Base,
			);
			mainGroup = AC34B3982257AE9800C6D3AB;
			productRefGroup = AC34B3A22257AE9800C6D3AB /* Products */;
			projectDirPath = "";
			projectRoot = "";
			targets = (
				AC34B3A02257AE9800C6D3AB /* NASA-Photos */,
			);
		};
/* End PBXProject section */

/* Begin PBXResourcesBuildPhase section */
		AC34B39F2257AE9800C6D3AB /* Resources */ = {
			isa = PBXResourcesBuildPhase;
			buildActionMask = 2147483647;
			files = (
				AC34B3AF2257AE9A00C6D3AB /* LaunchScreen.storyboard in Resources */,
				AC34B3AC2257AE9A00C6D3AB /* Assets.xcassets in Resources */,
				AC34B3AA2257AE9800C6D3AB /* Main.storyboard in Resources */,
			);
			runOnlyForDeploymentPostprocessing = 0;
		};
/* End PBXResourcesBuildPhase section */

/* Begin PBXSourcesBuildPhase section */
		AC34B39D2257AE9800C6D3AB /* Sources */ = {
			isa = PBXSourcesBuildPhase;
			buildActionMask = 2147483647;
			files = (
				ACEFBE3D225A57B20013C7A9 /* WorkDate.swift in Sources */,
				AC34B3BA2257BF5C00C6D3AB /* PhotoInfo.swift in Sources */,
				AC34B3A72257AE9800C6D3AB /* ViewController.swift in Sources */,
				AC34B3A52257AE9800C6D3AB /* AppDelegate.swift in Sources */,
				AC34B3BE2257C2FB00C6D3AB /* Networking.swift in Sources */,
				AC34B3C02257D0DC00C6D3AB /* URL+extension.swift in Sources */,
			);
			runOnlyForDeploymentPostprocessing = 0;
		};
/* End PBXSourcesBuildPhase section */

/* Begin PBXVariantGroup section */
		AC34B3A82257AE9800C6D3AB /* Main.storyboard */ = {
			isa = PBXVariantGroup;
			children = (
				AC34B3A92257AE9800C6D3AB /* Base */,
			);
			name = Main.storyboard;
			sourceTree = "<group>";
		};
		AC34B3AD2257AE9A00C6D3AB /* LaunchScreen.storyboard */ = {
			isa = PBXVariantGroup;
			children = (
				AC34B3AE2257AE9A00C6D3AB /* Base */,
			);
			name = LaunchScreen.storyboard;
			sourceTree = "<group>";
		};
/* End PBXVariantGroup section */

/* Begin XCBuildConfiguration section */
		AC34B3B12257AE9A00C6D3AB /* Debug */ = {
			isa = XCBuildConfiguration;
			buildSettings = {
				ALWAYS_SEARCH_USER_PATHS = NO;
				CLANG_ANALYZER_NONNULL = YES;
				CLANG_ANALYZER_NUMBER_OBJECT_CONVERSION = YES_AGGRESSIVE;
				CLANG_CXX_LANGUAGE_STANDARD = "gnu++14";
				CLANG_CXX_LIBRARY = "libc++";
				CLANG_ENABLE_MODULES = YES;
				CLANG_ENABLE_OBJC_ARC = YES;
				CLANG_ENABLE_OBJC_WEAK = YES;
				CLANG_WARN_BLOCK_CAPTURE_AUTORELEASING = YES;
				CLANG_WARN_BOOL_CONVERSION = YES;
				CLANG_WARN_COMMA = YES;
				CLANG_WARN_CONSTANT_CONVERSION = YES;
				CLANG_WARN_DEPRECATED_OBJC_IMPLEMENTATIONS = YES;
				CLANG_WARN_DIRECT_OBJC_ISA_USAGE = YES_ERROR;
				CLANG_WARN_DOCUMENTATION_COMMENTS = YES;
				CLANG_WARN_EMPTY_BODY = YES;
				CLANG_WARN_ENUM_CONVERSION = YES;
				CLANG_WARN_INFINITE_RECURSION = YES;
				CLANG_WARN_INT_CONVERSION = YES;
				CLANG_WARN_NON_LITERAL_NULL_CONVERSION = YES;
				CLANG_WARN_OBJC_IMPLICIT_RETAIN_SELF = YES;
				CLANG_WARN_OBJC_LITERAL_CONVERSION = YES;
				CLANG_WARN_OBJC_ROOT_CLASS = YES_ERROR;
				CLANG_WARN_RANGE_LOOP_ANALYSIS = YES;
				CLANG_WARN_STRICT_PROTOTYPES = YES;
				CLANG_WARN_SUSPICIOUS_MOVE = YES;
				CLANG_WARN_UNGUARDED_AVAILABILITY = YES_AGGRESSIVE;
				CLANG_WARN_UNREACHABLE_CODE = YES;
				CLANG_WARN__DUPLICATE_METHOD_MATCH = YES;
				CODE_SIGN_IDENTITY = "iPhone Developer";
				COPY_PHASE_STRIP = NO;
				DEBUG_INFORMATION_FORMAT = dwarf;
				ENABLE_STRICT_OBJC_MSGSEND = YES;
				ENABLE_TESTABILITY = YES;
				GCC_C_LANGUAGE_STANDARD = gnu11;
				GCC_DYNAMIC_NO_PIC = NO;
				GCC_NO_COMMON_BLOCKS = YES;
				GCC_OPTIMIZATION_LEVEL = 0;
				GCC_PREPROCESSOR_DEFINITIONS = (
					"DEBUG=1",
					"$(inherited)",
				);
				GCC_WARN_64_TO_32_BIT_CONVERSION = YES;
				GCC_WARN_ABOUT_RETURN_TYPE = YES_ERROR;
				GCC_WARN_UNDECLARED_SELECTOR = YES;
				GCC_WARN_UNINITIALIZED_AUTOS = YES_AGGRESSIVE;
				GCC_WARN_UNUSED_FUNCTION = YES;
				GCC_WARN_UNUSED_VARIABLE = YES;
				IPHONEOS_DEPLOYMENT_TARGET = 12.1;
				MTL_ENABLE_DEBUG_INFO = INCLUDE_SOURCE;
				MTL_FAST_MATH = YES;
				ONLY_ACTIVE_ARCH = YES;
				SDKROOT = iphoneos;
				SWIFT_ACTIVE_COMPILATION_CONDITIONS = DEBUG;
				SWIFT_OPTIMIZATION_LEVEL = "-Onone";
			};
			name = Debug;
		};
		AC34B3B22257AE9A00C6D3AB /* Release */ = {
			isa = XCBuildConfiguration;
			buildSettings = {
				ALWAYS_SEARCH_USER_PATHS = NO;
				CLANG_ANALYZER_NONNULL = YES;
				CLANG_ANALYZER_NUMBER_OBJECT_CONVERSION = YES_AGGRESSIVE;
				CLANG_CXX_LANGUAGE_STANDARD = "gnu++14";
				CLANG_CXX_LIBRARY = "libc++";
				CLANG_ENABLE_MODULES = YES;
				CLANG_ENABLE_OBJC_ARC = YES;
				CLANG_ENABLE_OBJC_WEAK = YES;
				CLANG_WARN_BLOCK_CAPTURE_AUTORELEASING = YES;
				CLANG_WARN_BOOL_CONVERSION = YES;
				CLANG_WARN_COMMA = YES;
				CLANG_WARN_CONSTANT_CONVERSION = YES;
				CLANG_WARN_DEPRECATED_OBJC_IMPLEMENTATIONS = YES;
				CLANG_WARN_DIRECT_OBJC_ISA_USAGE = YES_ERROR;
				CLANG_WARN_DOCUMENTATION_COMMENTS = YES;
				CLANG_WARN_EMPTY_BODY = YES;
				CLANG_WARN_ENUM_CONVERSION = YES;
				CLANG_WARN_INFINITE_RECURSION = YES;
				CLANG_WARN_INT_CONVERSION = YES;
				CLANG_WARN_NON_LITERAL_NULL_CONVERSION = YES;
				CLANG_WARN_OBJC_IMPLICIT_RETAIN_SELF = YES;
				CLANG_WARN_OBJC_LITERAL_CONVERSION = YES;
				CLANG_WARN_OBJC_ROOT_CLASS = YES_ERROR;
				CLANG_WARN_RANGE_LOOP_ANALYSIS = YES;
				CLANG_WARN_STRICT_PROTOTYPES = YES;
				CLANG_WARN_SUSPICIOUS_MOVE = YES;
				CLANG_WARN_UNGUARDED_AVAILABILITY = YES_AGGRESSIVE;
				CLANG_WARN_UNREACHABLE_CODE = YES;
				CLANG_WARN__DUPLICATE_METHOD_MATCH = YES;
				CODE_SIGN_IDENTITY = "iPhone Developer";
				COPY_PHASE_STRIP = NO;
				DEBUG_INFORMATION_FORMAT = "dwarf-with-dsym";
				ENABLE_NS_ASSERTIONS = NO;
				ENABLE_STRICT_OBJC_MSGSEND = YES;
				GCC_C_LANGUAGE_STANDARD = gnu11;
				GCC_NO_COMMON_BLOCKS = YES;
				GCC_WARN_64_TO_32_BIT_CONVERSION = YES;
				GCC_WARN_ABOUT_RETURN_TYPE = YES_ERROR;
				GCC_WARN_UNDECLARED_SELECTOR = YES;
				GCC_WARN_UNINITIALIZED_AUTOS = YES_AGGRESSIVE;
				GCC_WARN_UNUSED_FUNCTION = YES;
				GCC_WARN_UNUSED_VARIABLE = YES;
				IPHONEOS_DEPLOYMENT_TARGET = 12.1;
				MTL_ENABLE_DEBUG_INFO = NO;
				MTL_FAST_MATH = YES;
				SDKROOT = iphoneos;
				SWIFT_COMPILATION_MODE = wholemodule;
				SWIFT_OPTIMIZATION_LEVEL = "-O";
				VALIDATE_PRODUCT = YES;
			};
			name = Release;
		};
		AC34B3B42257AE9A00C6D3AB /* Debug */ = {
			isa = XCBuildConfiguration;
			buildSettings = {
				ASSETCATALOG_COMPILER_APPICON_NAME = AppIcon;
				CODE_SIGN_STYLE = Automatic;
				DEVELOPMENT_TEAM = 77XUTP3EF2;
				INFOPLIST_FILE = "NASA-Photos/Info.plist";
				LD_RUNPATH_SEARCH_PATHS = (
					"$(inherited)",
					"@executable_path/Frameworks",
				);
				PRODUCT_BUNDLE_IDENTIFIER = "com.example.NASA-Photos";
				PRODUCT_NAME = "$(TARGET_NAME)";
				SWIFT_VERSION = 4.2;
				TARGETED_DEVICE_FAMILY = "1,2";
			};
			name = Debug;
		};
		AC34B3B52257AE9A00C6D3AB /* Release */ = {
			isa = XCBuildConfiguration;
			buildSettings = {
				ASSETCATALOG_COMPILER_APPICON_NAME = AppIcon;
				CODE_SIGN_STYLE = Automatic;
				DEVELOPMENT_TEAM = 77XUTP3EF2;
				INFOPLIST_FILE = "NASA-Photos/Info.plist";
				LD_RUNPATH_SEARCH_PATHS = (
					"$(inherited)",
					"@executable_path/Frameworks",
				);
				PRODUCT_BUNDLE_IDENTIFIER = "com.example.NASA-Photos";
				PRODUCT_NAME = "$(TARGET_NAME)";
				SWIFT_VERSION = 4.2;
				TARGETED_DEVICE_FAMILY = "1,2";
			};
			name = Release;
		};
/* End XCBuildConfiguration section */

/* Begin XCConfigurationList section */
		AC34B39C2257AE9800C6D3AB /* Build configuration list for PBXProject "NASA-Photos" */ = {
			isa = XCConfigurationList;
			buildConfigurations = (
				AC34B3B12257AE9A00C6D3AB /* Debug */,
				AC34B3B22257AE9A00C6D3AB /* Release */,
			);
			defaultConfigurationIsVisible = 0;
			defaultConfigurationName = Release;
		};
		AC34B3B32257AE9A00C6D3AB /* Build configuration list for PBXNativeTarget "NASA-Photos" */ = {
			isa = XCConfigurationList;
			buildConfigurations = (
				AC34B3B42257AE9A00C6D3AB /* Debug */,
				AC34B3B52257AE9A00C6D3AB /* Release */,
			);
			defaultConfigurationIsVisible = 0;
			defaultConfigurationName = Release;
		};
/* End XCConfigurationList section */
	};
	rootObject = AC34B3992257AE9800C6D3AB /* Project object */;
}
